{
  "name": "PainClinic",
  "version": "1.0.0",
  "lockfileVersion": 1,
  "requires": true,
  "dependencies": {
    "bootstrap": {
      "version": "4.0.0",
      "resolved": "https://registry.npmjs.org/bootstrap/-/bootstrap-4.0.0.tgz",
      "integrity": "sha512-gulJE5dGFo6Q61V/whS6VM4WIyrlydXfCgkE+Gxe5hjrJ8rXLLZlALq7zq2RPhOc45PSwQpJkrTnc2KgD6cvmA=="
    },
    "browser-sync": {
      "version": "2.23.6",
      "resolved": "https://registry.npmjs.org/browser-sync/-/browser-sync-2.23.6.tgz",
      "integrity": "sha512-loCO5NQKZXfBJrEvmLwF1TPSECCsPopNd29qduoysLmpw8op2lgolGMjz3oI/MjG4duzB9TfDs7k58djRSwPwg==",
      "dev": true,
      "dependencies": {
        "arr-diff": {
          "version": "2.0.0",
          "resolved": "https://registry.npmjs.org/arr-diff/-/arr-diff-2.0.0.tgz",
          "integrity": "sha1-jzuCf5Vai9ZpaX5KQlasPOrjVs8="
        },
        "array-unique": {
          "version": "0.2.1",
          "resolved": "https://registry.npmjs.org/array-unique/-/array-unique-0.2.1.tgz",
          "integrity": "sha1-odl8yvy8JiXMcPrc6zalDFiwGlM="
        },
        "braces": {
          "version": "1.8.5",
          "resolved": "https://registry.npmjs.org/braces/-/braces-1.8.5.tgz",
          "integrity": "sha1-uneWLhLf+WnWt2cR6RS3N4V79qc="
        },
        "expand-brackets": {
          "version": "0.1.5",
          "resolved": "https://registry.npmjs.org/expand-brackets/-/expand-brackets-0.1.5.tgz",
          "integrity": "sha1-3wcoTjQqgHzXM6xa9yQR5YHRF3s="
        },
        "extglob": {
          "version": "0.3.2",
          "resolved": "https://registry.npmjs.org/extglob/-/extglob-0.3.2.tgz",
          "integrity": "sha1-Lhj/PS9JqydlzskCPwEdqo2DSaE="
        },
        "is-extglob": {
          "version": "1.0.0",
          "resolved": "https://registry.npmjs.org/is-extglob/-/is-extglob-1.0.0.tgz",
          "integrity": "sha1-rEaBd8SUNAWgkvyPKXYMb/xiBsA="
        },
        "is-glob": {
          "version": "2.0.1",
          "resolved": "https://registry.npmjs.org/is-glob/-/is-glob-2.0.1.tgz",
          "integrity": "sha1-0Jb5JqPe1WAPP9/ZEZjLCIjC2GM="
        },
        "kind-of": {
          "version": "3.2.2",
          "resolved": "https://registry.npmjs.org/kind-of/-/kind-of-3.2.2.tgz",
          "integrity": "sha1-MeohpzS6ubuw8yRm2JOupR5KPGQ="
        },
        "micromatch": {
          "version": "2.3.11",
          "resolved": "https://registry.npmjs.org/micromatch/-/micromatch-2.3.11.tgz",
          "integrity": "sha1-hmd8l9FyCzY0MdBNDRUpO9OMFWU="
        }
      }
    },
    "clean-css": {
      "version": "4.1.11",
      "resolved": "https://registry.npmjs.org/clean-css/-/clean-css-4.1.11.tgz",
      "integrity": "sha1-Ls3xRaujj1R0DybO/Q/z4D4SXWo=",
      "dev": true
    },
    "font-awesome": {
      "version": "4.7.0",
      "resolved": "https://registry.npmjs.org/font-awesome/-/font-awesome-4.7.0.tgz",
      "integrity": "sha1-j6jPBBGhoxr9B7BtKQK7n8gVoTM="
    },
    "gulp": {
      "version": "3.9.1",
      "resolved": "https://registry.npmjs.org/gulp/-/gulp-3.9.1.tgz",
      "integrity": "sha1-VxzkWSjdQK9lFPxAEYZgFsE4RbQ="
    },
    "gulp-clean-css": {
      "version": "3.9.3",
      "resolved": "https://registry.npmjs.org/gulp-clean-css/-/gulp-clean-css-3.9.3.tgz",
      "integrity": "sha512-mw5Qrio7W3rvswmVlZ7eaxOhBIp6zQMBFLgcHoi/xbOtaKT5zmElkHt8mvbRre7fMt5eLgppIkW+j9Cm+O/UqQ==",
      "dev": true
    },
    "gulp-header": {
      "version": "2.0.5",
      "resolved": "https://registry.npmjs.org/gulp-header/-/gulp-header-2.0.5.tgz",
      "integrity": "sha512-7bOIiHvM1GUHIG3LRH+UIanOxyjSys0FbzzgUBlV2cZIIZihEW+KKKKm0ejUBNGvRdhISEFFr6HlptXoa28gtQ==",
      "dev": true,
      "dependencies": {
        "lodash.template": {
          "version": "4.4.0",
          "resolved": "https://registry.npmjs.org/lodash.template/-/lodash.template-4.4.0.tgz",
          "integrity": "sha1-5zoDhcg1VZF0bgILmWecaQ5o+6A="
        },
        "lodash.templatesettings": {
          "version": "4.1.0",
          "resolved": "https://registry.npmjs.org/lodash.templatesettings/-/lodash.templatesettings-4.1.0.tgz",
          "integrity": "sha1-K01OlbpEDZFf8IvImeRVNmZxMxY="
        }
      }
    },
    "gulp-html-beautify": {
      "version": "1.0.1",
      "resolved": "https://registry.npmjs.org/gulp-html-beautify/-/gulp-html-beautify-1.0.1.tgz",
      "integrity": "sha1-KDTG93ZpYFcm7uVeMgX2MHS3oVI=",
      "dev": true
    },
    "gulp-pug": {
      "version": "3.3.0",
      "resolved": "https://registry.npmjs.org/gulp-pug/-/gulp-pug-3.3.0.tgz",
      "integrity": "sha1-RpgsFDnAlMNgVC7YulyILTu3Ec8=",
      "dev": true,
      "dependencies": {
        "object-assign": {
          "version": "4.1.1",
          "resolved": "https://registry.npmjs.org/object-assign/-/object-assign-4.1.1.tgz",
          "integrity": "sha1-IQmtx5ZYh8/AXLvUQsrIv7s2CGM="
        }
      }
    },
    "gulp-rename": {
      "version": "1.2.2",
      "resolved": "https://registry.npmjs.org/gulp-rename/-/gulp-rename-1.2.2.tgz",
      "integrity": "sha1-OtRCh2PwXidk3sHGfYaNsnVoeBc=",
      "dev": true
    },
    "gulp-sass": {
      "version": "3.1.0",
      "resolved": "https://registry.npmjs.org/gulp-sass/-/gulp-sass-3.1.0.tgz",
      "integrity": "sha1-U9xLaKH13f5EJKtMJHZVJpqLdLc=",
      "dev": true
    },
    "gulp-uglify": {
      "version": "3.0.0",
      "resolved": "https://registry.npmjs.org/gulp-uglify/-/gulp-uglify-3.0.0.tgz",
      "integrity": "sha1-DfAzHXKg0wLj434QlIXd3zPG0co=",
      "dev": true,
      "dependencies": {
        "commander": {
          "version": "2.14.1",
          "resolved": "https://registry.npmjs.org/commander/-/commander-2.14.1.tgz",
          "integrity": "sha512-+YR16o3rK53SmWHU3rEM3tPAh2rwb1yPcQX5irVn7mb0gXbwuCCrnkbV5+PBfETdfg1vui07nM6PCG1zndcjQw=="
        },
        "lodash": {
          "version": "4.17.5",
          "resolved": "https://registry.npmjs.org/lodash/-/lodash-4.17.5.tgz",
          "integrity": "sha512-svL3uiZf1RwhH+cWrfZn3A4+U58wbP0tGVTLQPbjplZxZ8ROD9VLuNgsRniTlLe7OlSqR79RUehXgpBW/s0IQw=="
        },
        "source-map": {
          "version": "0.6.1",
          "resolved": "https://registry.npmjs.org/source-map/-/source-map-0.6.1.tgz",
          "integrity": "sha512-UjgapumWlbMhkBgzT7Ykc5YXUT46F0iKu8SGXq0bcwP5dz/h0Plj6enJqjz1Zbq2l5WaqYnrVbwWOWMyF3F47g=="
        },
        "uglify-js": {
          "version": "3.3.14",
          "resolved": "https://registry.npmjs.org/uglify-js/-/uglify-js-3.3.14.tgz",
          "integrity": "sha512-OY8VPQU25q09gQRbC+Ekk3xgEVBmYFEfVcgS47ksjTiNht2LmLlUkWutyi38ZsDSToJHwbe76kDGwmD226Z2Fg=="
        }
      }
    },
    "jquery": {
      "version": "3.5.0",
      "resolved": "https://registry.npmjs.org/jquery/-/jquery-3.5.0.tgz",
      "integrity": "sha512-Xb7SVYMvygPxbFMpTFQiHh1J7HClEaThguL15N/Gg37Lri/qKyhRGZYzHRyLH8Stq3Aow0LsHO2O2ci86fCrNQ=="
    },
    "jquery.easing": {
      "version": "1.4.1",
      "resolved": "https://registry.npmjs.org/jquery.easing/-/jquery.easing-1.4.1.tgz",
      "integrity": "sha1-R5gsWDa9dY/UhJSSPEoQHvbpPjs="
    },
    "pug": {
      "version": "2.0.1",
      "resolved": "https://registry.npmjs.org/pug/-/pug-2.0.1.tgz",
      "integrity": "sha1-J8FRYStT1ymr6OgoWqxryJNFtdA=",
      "dev": true
    },
    "simple-line-icons": {
      "version": "2.4.1",
      "resolved": "https://registry.npmjs.org/simple-line-icons/-/simple-line-icons-2.4.1.tgz",
      "integrity": "sha1-t1vFoNh+UwkowszaVzUnS7JW8jQ="
    }
  }
}
